# generated by rye
# use `rye lock` or `rye sync` to update this lockfile
#
# last locked with the following flags:
#   pre: false
#   features: []
#   all-features: false
#   with-sources: false
#   generate-hashes: false
#   universal: false

-e file:.
colorama==0.4.6
    # via frida-tools
frida==17.0.7
    # via frida-tools
    # via study-frida-reverse
frida-tools==14.0.2
    # via study-frida-reverse
prompt-toolkit==3.0.51
    # via frida-tools
pygments==2.19.1
    # via frida-tools
wcwidth==0.2.13
    # via prompt-toolkit
websockets==13.1
    # via frida-tools
